
Microsoft Visual Studio Solution File, Format Version 12.00
# Visual Studio 15
VisualStudioVersion = 15.0.28307.106
MinimumVisualStudioVersion = 10.0.40219.1
Project("{FAE04EC0-301F-11D3-BF4B-00C04F79EFBC}") = "dotnetweb", "dotnetweb\dotnetweb.csproj", "{C4975EAC-044E-4A8C-B935-DBBD97B32162}"
EndProject
Global
	GlobalSection(SolutionConfigurationPlatforms) = preSolution
		Debug|Any CPU = Debug|Any CPU
		Release|Any CPU = Release|Any CPU
	EndGlobalSection
	GlobalSection(ProjectConfigurationPlatforms) = postSolution
		{C4975EAC-044E-4A8C-B935-DBBD97B32162}.Debug|Any CPU.ActiveCfg = Debug|Any CPU
		{C4975EAC-044E-4A8C-B935-DBBD97B32162}.Debug|Any CPU.Build.0 = Debug|Any CPU
		{C4975EAC-044E-4A8C-B935-DBBD97B32162}.Release|Any CPU.ActiveCfg = Release|Any CPU
		{C4975EAC-044E-4A8C-B935-DBBD97B32162}.Release|Any CPU.Build.0 = Release|Any CPU
	EndGlobalSection
	GlobalSection(SolutionProperties) = preSolution
		HideSolutionNode = FALSE
	EndGlobalSection
	GlobalSection(ExtensibilityGlobals) = postSolution
		SolutionGuid = {CBD7D10D-9565-4B35-B542-2C5650E9360A}
	EndGlobalSection
EndGlobal
